// !$*UTF8*$!
{
	archiveVersion = 1;
	classes = {
	};
	objectVersion = 51;
	objects = {

/* Begin PBXBuildFile section */
		23568D892DD34E7995B5C7EB /* Pods_Parsetagram.framework in Frameworks */ = {isa = PBXBuildFile; fileRef = 0E213074ACC080686D722B53 /* Pods_Parsetagram.framework */; };
		7D31930008C9CEF850274DB3 /* Pods_ParsetagramTests.framework in Frameworks */ = {isa = PBXBuildFile; fileRef = 09DE96E691BB854555DF1F3E /* Pods_ParsetagramTests.framework */; };
		B85CA4EDE74086D0C680AF16 /* Pods_Parsetagram_ParsetagramUITests.framework in Frameworks */ = {isa = PBXBuildFile; fileRef = 6F531055EDE934EB5AF7AFBD /* Pods_Parsetagram_ParsetagramUITests.framework */; };
		FAD5E27324248F4F00E34219 /* LoginViewController.swift in Sources */ = {isa = PBXBuildFile; fileRef = FAD5E27224248F4F00E34219 /* LoginViewController.swift */; };
		FAD5E27524248F5A00E34219 /* FeedViewController.swift in Sources */ = {isa = PBXBuildFile; fileRef = FAD5E27424248F5A00E34219 /* FeedViewController.swift */; };
		FAD5E27724249AF000E34219 /* CameraViewController.swift in Sources */ = {isa = PBXBuildFile; fileRef = FAD5E27624249AF000E34219 /* CameraViewController.swift */; };
		FAE1A452242476E70080BA2E /* AppDelegate.swift in Sources */ = {isa = PBXBuildFile; fileRef = FAE1A451242476E70080BA2E /* AppDelegate.swift */; };
		FAE1A454242476E70080BA2E /* SceneDelegate.swift in Sources */ = {isa = PBXBuildFile; fileRef = FAE1A453242476E70080BA2E /* SceneDelegate.swift */; };
		FAE1A459242476E70080BA2E /* Main.storyboard in Resources */ = {isa = PBXBuildFile; fileRef = FAE1A457242476E70080BA2E /* Main.storyboard */; };
		FAE1A45B242476EA0080BA2E /* Assets.xcassets in Resources */ = {isa = PBXBuildFile; fileRef = FAE1A45A242476EA0080BA2E /* Assets.xcassets */; };
		FAE1A45E242476EA0080BA2E /* LaunchScreen.storyboard in Resources */ = {isa = PBXBuildFile; fileRef = FAE1A45C242476EA0080BA2E /* LaunchScreen.storyboard */; };
		FAE1A469242476EA0080BA2E /* ParsetagramTests.swift in Sources */ = {isa = PBXBuildFile; fileRef = FAE1A468242476EA0080BA2E /* ParsetagramTests.swift */; };
		FAE1A474242476EA0080BA2E /* ParsetagramUITests.swift in Sources */ = {isa = PBXBuildFile; fileRef = FAE1A473242476EA0080BA2E /* ParsetagramUITests.swift */; };
/* End PBXBuildFile section */

/* Begin PBXContainerItemProxy section */
		FAE1A465242476EA0080BA2E /* PBXContainerItemProxy */ = {
			isa = PBXContainerItemProxy;
			containerPortal = FAE1A446242476E70080BA2E /* Project object */;
			proxyType = 1;
			remoteGlobalIDString = FAE1A44D242476E70080BA2E;
			remoteInfo = Parsetagram;
		};
		FAE1A470242476EA0080BA2E /* PBXContainerItemProxy */ = {
			isa = PBXContainerItemProxy;
			containerPortal = FAE1A446242476E70080BA2E /* Project object */;
			proxyType = 1;
			remoteGlobalIDString = FAE1A44D242476E70080BA2E;
			remoteInfo = Parsetagram;
		};
/* End PBXContainerItemProxy section */

/* Begin PBXFileReference section */
		09DE96E691BB854555DF1F3E /* Pods_ParsetagramTests.framework */ = {isa = PBXFileReference; explicitFileType = wrapper.framework; includeInIndex = 0; path = Pods_ParsetagramTests.framework; sourceTree = BUILT_PRODUCTS_DIR; };
		0E213074ACC080686D722B53 /* Pods_Parsetagram.framework */ = {isa = PBXFileReference; explicitFileType = wrapper.framework; includeInIndex = 0; path = Pods_Parsetagram.framework; sourceTree = BUILT_PRODUCTS_DIR; };
		199D84A68ED98AFA0B023295 /* Pods-Parsetagram-ParsetagramUITests.debug.xcconfig */ = {isa = PBXFileReference; includeInIndex = 1; lastKnownFileType = text.xcconfig; name = "Pods-Parsetagram-ParsetagramUITests.debug.xcconfig"; path = "Target Support Files/Pods-Parsetagram-ParsetagramUITests/Pods-Parsetagram-ParsetagramUITests.debug.xcconfig"; sourceTree = "<group>"; };
		268FCC43F70E2BB7BBDF4DAC /* Pods-Parsetagram-ParsetagramUITests.release.xcconfig */ = {isa = PBXFileReference; includeInIndex = 1; lastKnownFileType = text.xcconfig; name = "Pods-Parsetagram-ParsetagramUITests.release.xcconfig"; path = "Target Support Files/Pods-Parsetagram-ParsetagramUITests/Pods-Parsetagram-ParsetagramUITests.release.xcconfig"; sourceTree = "<group>"; };
		640ECBF9BA5C603ADEFC524A /* Pods-ParsetagramTests.debug.xcconfig */ = {isa = PBXFileReference; includeInIndex = 1; lastKnownFileType = text.xcconfig; name = "Pods-ParsetagramTests.debug.xcconfig"; path = "Target Support Files/Pods-ParsetagramTests/Pods-ParsetagramTests.debug.xcconfig"; sourceTree = "<group>"; };
		6F531055EDE934EB5AF7AFBD /* Pods_Parsetagram_ParsetagramUITests.framework */ = {isa = PBXFileReference; explicitFileType = wrapper.framework; includeInIndex = 0; path = Pods_Parsetagram_ParsetagramUITests.framework; sourceTree = BUILT_PRODUCTS_DIR; };
		74DF7E870040A6733D5212E0 /* Pods-Parsetagram.debug.xcconfig */ = {isa = PBXFileReference; includeInIndex = 1; lastKnownFileType = text.xcconfig; name = "Pods-Parsetagram.debug.xcconfig"; path = "Target Support Files/Pods-Parsetagram/Pods-Parsetagram.debug.xcconfig"; sourceTree = "<group>"; };
		DFED66562A95EFBBE2026F17 /* Pods-ParsetagramTests.release.xcconfig */ = {isa = PBXFileReference; includeInIndex = 1; lastKnownFileType = text.xcconfig; name = "Pods-ParsetagramTests.release.xcconfig"; path = "Target Support Files/Pods-ParsetagramTests/Pods-ParsetagramTests.release.xcconfig"; sourceTree = "<group>"; };
		FAD5E27224248F4F00E34219 /* LoginViewController.swift */ = {isa = PBXFileReference; lastKnownFileType = sourcecode.swift; path = LoginViewController.swift; sourceTree = "<group>"; };
		FAD5E27424248F5A00E34219 /* FeedViewController.swift */ = {isa = PBXFileReference; lastKnownFileType = sourcecode.swift; path = FeedViewController.swift; sourceTree = "<group>"; };
		FAD5E27624249AF000E34219 /* CameraViewController.swift */ = {isa = PBXFileReference; lastKnownFileType = sourcecode.swift; path = CameraViewController.swift; sourceTree = "<group>"; };
		FAE1A44E242476E70080BA2E /* Parsetagram.app */ = {isa = PBXFileReference; explicitFileType = wrapper.application; includeInIndex = 0; path = Parsetagram.app; sourceTree = BUILT_PRODUCTS_DIR; };
		FAE1A451242476E70080BA2E /* AppDelegate.swift */ = {isa = PBXFileReference; lastKnownFileType = sourcecode.swift; path = AppDelegate.swift; sourceTree = "<group>"; };
		FAE1A453242476E70080BA2E /* SceneDelegate.swift */ = {isa = PBXFileReference; lastKnownFileType = sourcecode.swift; path = SceneDelegate.swift; sourceTree = "<group>"; };
		FAE1A458242476E70080BA2E /* Base */ = {isa = PBXFileReference; lastKnownFileType = file.storyboard; name = Base; path = Base.lproj/Main.storyboard; sourceTree = "<group>"; };
		FAE1A45A242476EA0080BA2E /* Assets.xcassets */ = {isa = PBXFileReference; lastKnownFileType = folder.assetcatalog; path = Assets.xcassets; sourceTree = "<group>"; };
		FAE1A45D242476EA0080BA2E /* Base */ = {isa = PBXFileReference; lastKnownFileType = file.storyboard; name = Base; path = Base.lproj/LaunchScreen.storyboard; sourceTree = "<group>"; };
		FAE1A45F242476EA0080BA2E /* Info.plist */ = {isa = PBXFileReference; lastKnownFileType = text.plist.xml; path = Info.plist; sourceTree = "<group>"; };
		FAE1A464242476EA0080BA2E /* ParsetagramTests.xctest */ = {isa = PBXFileReference; explicitFileType = wrapper.cfbundle; includeInIndex = 0; path = ParsetagramTests.xctest; sourceTree = BUILT_PRODUCTS_DIR; };
		FAE1A468242476EA0080BA2E /* ParsetagramTests.swift */ = {isa = PBXFileReference; lastKnownFileType = sourcecode.swift; path = ParsetagramTests.swift; sourceTree = "<group>"; };
		FAE1A46A242476EA0080BA2E /* Info.plist */ = {isa = PBXFileReference; lastKnownFileType = text.plist.xml; path = Info.plist; sourceTree = "<group>"; };
		FAE1A46F242476EA0080BA2E /* ParsetagramUITests.xctest */ = {isa = PBXFileReference; explicitFileType = wrapper.cfbundle; includeInIndex = 0; path = ParsetagramUITests.xctest; sourceTree = BUILT_PRODUCTS_DIR; };
		FAE1A473242476EA0080BA2E /* ParsetagramUITests.swift */ = {isa = PBXFileReference; lastKnownFileType = sourcecode.swift; path = ParsetagramUITests.swift; sourceTree = "<group>"; };
		FAE1A475242476EA0080BA2E /* Info.plist */ = {isa = PBXFileReference; lastKnownFileType = text.plist.xml; path = Info.plist; sourceTree = "<group>"; };
		FD9C3D168E1F90703AF7A6F9 /* Pods-Parsetagram.release.xcconfig */ = {isa = PBXFileReference; includeInIndex = 1; lastKnownFileType = text.xcconfig; name = "Pods-Parsetagram.release.xcconfig"; path = "Target Support Files/Pods-Parsetagram/Pods-Parsetagram.release.xcconfig"; sourceTree = "<group>"; };
/* End PBXFileReference section */

/* Begin PBXFrameworksBuildPhase section */
		FAE1A44B242476E70080BA2E /* Frameworks */ = {
			isa = PBXFrameworksBuildPhase;
			buildActionMask = 2147483647;
			files = (
				23568D892DD34E7995B5C7EB /* Pods_Parsetagram.framework in Frameworks */,
			);
			runOnlyForDeploymentPostprocessing = 0;
		};
		FAE1A461242476EA0080BA2E /* Frameworks */ = {
			isa = PBXFrameworksBuildPhase;
			buildActionMask = 2147483647;
			files = (
				7D31930008C9CEF850274DB3 /* Pods_ParsetagramTests.framework in Frameworks */,
			);
			runOnlyForDeploymentPostprocessing = 0;
		};
		FAE1A46C242476EA0080BA2E /* Frameworks */ = {
			isa = PBXFrameworksBuildPhase;
			buildActionMask = 2147483647;
			files = (
				B85CA4EDE74086D0C680AF16 /* Pods_Parsetagram_ParsetagramUITests.framework in Frameworks */,
			);
			runOnlyForDeploymentPostprocessing = 0;
		};
/* End PBXFrameworksBuildPhase section */

/* Begin PBXGroup section */
		120A918F413AFDFE2598E4CC /* Frameworks */ = {
			isa = PBXGroup;
			children = (
				0E213074ACC080686D722B53 /* Pods_Parsetagram.framework */,
				6F531055EDE934EB5AF7AFBD /* Pods_Parsetagram_ParsetagramUITests.framework */,
				09DE96E691BB854555DF1F3E /* Pods_ParsetagramTests.framework */,
			);
			name = Frameworks;
			sourceTree = "<group>";
		};
		FAE1A445242476E70080BA2E = {
			isa = PBXGroup;
			children = (
				FAE1A450242476E70080BA2E /* Parsetagram */,
				FAE1A467242476EA0080BA2E /* ParsetagramTests */,
				FAE1A472242476EA0080BA2E /* ParsetagramUITests */,
				FAE1A44F242476E70080BA2E /* Products */,
				FC2581A7E741BDD13DBFA69D /* Pods */,
				120A918F413AFDFE2598E4CC /* Frameworks */,
			);
			sourceTree = "<group>";
		};
		FAE1A44F242476E70080BA2E /* Products */ = {
			isa = PBXGroup;
			children = (
				FAE1A44E242476E70080BA2E /* Parsetagram.app */,
				FAE1A464242476EA0080BA2E /* ParsetagramTests.xctest */,
				FAE1A46F242476EA0080BA2E /* ParsetagramUITests.xctest */,
			);
			name = Products;
			sourceTree = "<group>";
		};
		FAE1A450242476E70080BA2E /* Parsetagram */ = {
			isa = PBXGroup;
			children = (
				FAE1A451242476E70080BA2E /* AppDelegate.swift */,
				FAE1A453242476E70080BA2E /* SceneDelegate.swift */,
				FAE1A457242476E70080BA2E /* Main.storyboard */,
				FAE1A45A242476EA0080BA2E /* Assets.xcassets */,
				FAE1A45C242476EA0080BA2E /* LaunchScreen.storyboard */,
				FAE1A45F242476EA0080BA2E /* Info.plist */,
				FAD5E27224248F4F00E34219 /* LoginViewController.swift */,
				FAD5E27424248F5A00E34219 /* FeedViewController.swift */,
				FAD5E27624249AF000E34219 /* CameraViewController.swift */,
			);
			path = Parsetagram;
			sourceTree = "<group>";
		};
		FAE1A467242476EA0080BA2E /* ParsetagramTests */ = {
			isa = PBXGroup;
			children = (
				FAE1A468242476EA0080BA2E /* ParsetagramTests.swift */,
				FAE1A46A242476EA0080BA2E /* Info.plist */,
			);
			path = ParsetagramTests;
			sourceTree = "<group>";
		};
		FAE1A472242476EA0080BA2E /* ParsetagramUITests */ = {
			isa = PBXGroup;
			children = (
				FAE1A473242476EA0080BA2E /* ParsetagramUITests.swift */,
				FAE1A475242476EA0080BA2E /* Info.plist */,
			);
			path = ParsetagramUITests;
			sourceTree = "<group>";
		};
		FC2581A7E741BDD13DBFA69D /* Pods */ = {
			isa = PBXGroup;
			children = (
				74DF7E870040A6733D5212E0 /* Pods-Parsetagram.debug.xcconfig */,
				FD9C3D168E1F90703AF7A6F9 /* Pods-Parsetagram.release.xcconfig */,
				199D84A68ED98AFA0B023295 /* Pods-Parsetagram-ParsetagramUITests.debug.xcconfig */,
				268FCC43F70E2BB7BBDF4DAC /* Pods-Parsetagram-ParsetagramUITests.release.xcconfig */,
				640ECBF9BA5C603ADEFC524A /* Pods-ParsetagramTests.debug.xcconfig */,
				DFED66562A95EFBBE2026F17 /* Pods-ParsetagramTests.release.xcconfig */,
			);
			path = Pods;
			sourceTree = "<group>";
		};
/* End PBXGroup section */

/* Begin PBXNativeTarget section */
		FAE1A44D242476E70080BA2E /* Parsetagram */ = {
			isa = PBXNativeTarget;
			buildConfigurationList = FAE1A478242476EA0080BA2E /* Build configuration list for PBXNativeTarget "Parsetagram" */;
			buildPhases = (
				B9DF0368301253A5BA460331 /* [CP] Check Pods Manifest.lock */,
				FAE1A44A242476E70080BA2E /* Sources */,
				FAE1A44B242476E70080BA2E /* Frameworks */,
				FAE1A44C242476E70080BA2E /* Resources */,
				8DC99BE4A1A0F46382870DAF /* [CP] Embed Pods Frameworks */,
			);
			buildRules = (
			);
			dependencies = (
			);
			name = Parsetagram;
			productName = Parsetagram;
			productReference = FAE1A44E242476E70080BA2E /* Parsetagram.app */;
			productType = "com.apple.product-type.application";
		};
		FAE1A463242476EA0080BA2E /* ParsetagramTests */ = {
			isa = PBXNativeTarget;
			buildConfigurationList = FAE1A47B242476EA0080BA2E /* Build configuration list for PBXNativeTarget "ParsetagramTests" */;
			buildPhases = (
				8E5BA05583FFE91FF4049124 /* [CP] Check Pods Manifest.lock */,
				FAE1A460242476EA0080BA2E /* Sources */,
				FAE1A461242476EA0080BA2E /* Frameworks */,
				FAE1A462242476EA0080BA2E /* Resources */,
			);
			buildRules = (
			);
			dependencies = (
				FAE1A466242476EA0080BA2E /* PBXTargetDependency */,
			);
			name = ParsetagramTests;
			productName = ParsetagramTests;
			productReference = FAE1A464242476EA0080BA2E /* ParsetagramTests.xctest */;
			productType = "com.apple.product-type.bundle.unit-test";
		};
		FAE1A46E242476EA0080BA2E /* ParsetagramUITests */ = {
			isa = PBXNativeTarget;
			buildConfigurationList = FAE1A47E242476EA0080BA2E /* Build configuration list for PBXNativeTarget "ParsetagramUITests" */;
			buildPhases = (
				8F8B65AFCB54349157D82412 /* [CP] Check Pods Manifest.lock */,
				FAE1A46B242476EA0080BA2E /* Sources */,
				FAE1A46C242476EA0080BA2E /* Frameworks */,
				FAE1A46D242476EA0080BA2E /* Resources */,
				9C228D624F71A6F273443600 /* [CP] Embed Pods Frameworks */,
			);
			buildRules = (
			);
			dependencies = (
				FAE1A471242476EA0080BA2E /* PBXTargetDependency */,
			);
			name = ParsetagramUITests;
			productName = ParsetagramUITests;
			productReference = FAE1A46F242476EA0080BA2E /* ParsetagramUITests.xctest */;
			productType = "com.apple.product-type.bundle.ui-testing";
		};
/* End PBXNativeTarget section */

/* Begin PBXProject section */
		FAE1A446242476E70080BA2E /* Project object */ = {
			isa = PBXProject;
			attributes = {
				LastSwiftUpdateCheck = 1130;
				LastUpgradeCheck = 1130;
				ORGANIZATIONNAME = "Nada Zeini";
				TargetAttributes = {
					FAE1A44D242476E70080BA2E = {
						CreatedOnToolsVersion = 11.3.1;
					};
					FAE1A463242476EA0080BA2E = {
						CreatedOnToolsVersion = 11.3.1;
						TestTargetID = FAE1A44D242476E70080BA2E;
					};
					FAE1A46E242476EA0080BA2E = {
						CreatedOnToolsVersion = 11.3.1;
						TestTargetID = FAE1A44D242476E70080BA2E;
					};
				};
			};
			buildConfigurationList = FAE1A449242476E70080BA2E /* Build configuration list for PBXProject "Parsetagram" */;
			compatibilityVersion = "Xcode 9.3";
			developmentRegion = en;
			hasScannedForEncodings = 0;
			knownRegions = (
				en,
				Base,
			);
			mainGroup = FAE1A445242476E70080BA2E;
			productRefGroup = FAE1A44F242476E70080BA2E /* Products */;
			projectDirPath = "";
			projectRoot = "";
			targets = (
				FAE1A44D242476E70080BA2E /* Parsetagram */,
				FAE1A463242476EA0080BA2E /* ParsetagramTests */,
				FAE1A46E242476EA0080BA2E /* ParsetagramUITests */,
			);
		};
/* End PBXProject section */

/* Begin PBXResourcesBuildPhase section */
		FAE1A44C242476E70080BA2E /* Resources */ = {
			isa = PBXResourcesBuildPhase;
			buildActionMask = 2147483647;
			files = (
				FAE1A45E242476EA0080BA2E /* LaunchScreen.storyboard in Resources */,
				FAE1A45B242476EA0080BA2E /* Assets.xcassets in Resources */,
				FAE1A459242476E70080BA2E /* Main.storyboard in Resources */,
			);
			runOnlyForDeploymentPostprocessing = 0;
		};
		FAE1A462242476EA0080BA2E /* Resources */ = {
			isa = PBXResourcesBuildPhase;
			buildActionMask = 2147483647;
			files = (
			);
			runOnlyForDeploymentPostprocessing = 0;
		};
		FAE1A46D242476EA0080BA2E /* Resources */ = {
			isa = PBXResourcesBuildPhase;
			buildActionMask = 2147483647;
			files = (
			);
			runOnlyForDeploymentPostprocessing = 0;
		};
/* End PBXResourcesBuildPhase section */

/* Begin PBXShellScriptBuildPhase section */
		8DC99BE4A1A0F46382870DAF /* [CP] Embed Pods Frameworks */ = {
			isa = PBXShellScriptBuildPhase;
			buildActionMask = 2147483647;
			files = (
			);
			inputFileListPaths = (
				"${PODS_ROOT}/Target Support Files/Pods-Parsetagram/Pods-Parsetagram-frameworks-${CONFIGURATION}-input-files.xcfilelist",
			);
			name = "[CP] Embed Pods Frameworks";
			outputFileListPaths = (
				"${PODS_ROOT}/Target Support Files/Pods-Parsetagram/Pods-Parsetagram-frameworks-${CONFIGURATION}-output-files.xcfilelist",
			);
			runOnlyForDeploymentPostprocessing = 0;
			shellPath = /bin/sh;
			shellScript = "\"${PODS_ROOT}/Target Support Files/Pods-Parsetagram/Pods-Parsetagram-frameworks.sh\"\n";
			showEnvVarsInLog = 0;
		};
		8E5BA05583FFE91FF4049124 /* [CP] Check Pods Manifest.lock */ = {
			isa = PBXShellScriptBuildPhase;
			buildActionMask = 2147483647;
			files = (
			);
			inputFileListPaths = (
			);
			inputPaths = (
				"${PODS_PODFILE_DIR_PATH}/Podfile.lock",
				"${PODS_ROOT}/Manifest.lock",
			);
			name = "[CP] Check Pods Manifest.lock";
			outputFileListPaths = (
			);
			outputPaths = (
				"$(DERIVED_FILE_DIR)/Pods-ParsetagramTests-checkManifestLockResult.txt",
			);
			runOnlyForDeploymentPostprocessing = 0;
			shellPath = /bin/sh;
			shellScript = "diff \"${PODS_PODFILE_DIR_PATH}/Podfile.lock\" \"${PODS_ROOT}/Manifest.lock\" > /dev/null\nif [ $? != 0 ] ; then\n    # print error to STDERR\n    echo \"error: The sandbox is not in sync with the Podfile.lock. Run 'pod install' or update your CocoaPods installation.\" >&2\n    exit 1\nfi\n# This output is used by Xcode 'outputs' to avoid re-running this script phase.\necho \"SUCCESS\" > \"${SCRIPT_OUTPUT_FILE_0}\"\n";
			showEnvVarsInLog = 0;
		};
		8F8B65AFCB54349157D82412 /* [CP] Check Pods Manifest.lock */ = {
			isa = PBXShellScriptBuildPhase;
			buildActionMask = 2147483647;
			files = (
			);
			inputFileListPaths = (
			);
			inputPaths = (
				"${PODS_PODFILE_DIR_PATH}/Podfile.lock",
				"${PODS_ROOT}/Manifest.lock",
			);
			name = "[CP] Check Pods Manifest.lock";
			outputFileListPaths = (
			);
			outputPaths = (
				"$(DERIVED_FILE_DIR)/Pods-Parsetagram-ParsetagramUITests-checkManifestLockResult.txt",
			);
			runOnlyForDeploymentPostprocessing = 0;
			shellPath = /bin/sh;
			shellScript = "diff \"${PODS_PODFILE_DIR_PATH}/Podfile.lock\" \"${PODS_ROOT}/Manifest.lock\" > /dev/null\nif [ $? != 0 ] ; then\n    # print error to STDERR\n    echo \"error: The sandbox is not in sync with the Podfile.lock. Run 'pod install' or update your CocoaPods installation.\" >&2\n    exit 1\nfi\n# This output is used by Xcode 'outputs' to avoid re-running this script phase.\necho \"SUCCESS\" > \"${SCRIPT_OUTPUT_FILE_0}\"\n";
			showEnvVarsInLog = 0;
		};
		9C228D624F71A6F273443600 /* [CP] Embed Pods Frameworks */ = {
			isa = PBXShellScriptBuildPhase;
			buildActionMask = 2147483647;
			files = (
			);
			inputFileListPaths = (
				"${PODS_ROOT}/Target Support Files/Pods-Parsetagram-ParsetagramUITests/Pods-Parsetagram-ParsetagramUITests-frameworks-${CONFIGURATION}-input-files.xcfilelist",
			);
			name = "[CP] Embed Pods Frameworks";
			outputFileListPaths = (
				"${PODS_ROOT}/Target Support Files/Pods-Parsetagram-ParsetagramUITests/Pods-Parsetagram-ParsetagramUITests-frameworks-${CONFIGURATION}-output-files.xcfilelist",
			);
			runOnlyForDeploymentPostprocessing = 0;
			shellPath = /bin/sh;
			shellScript = "\"${PODS_ROOT}/Target Support Files/Pods-Parsetagram-ParsetagramUITests/Pods-Parsetagram-ParsetagramUITests-frameworks.sh\"\n";
			showEnvVarsInLog = 0;
		};
		B9DF0368301253A5BA460331 /* [CP] Check Pods Manifest.lock */ = {
			isa = PBXShellScriptBuildPhase;
			buildActionMask = 2147483647;
			files = (
			);
			inputFileListPaths = (
			);
			inputPaths = (
				"${PODS_PODFILE_DIR_PATH}/Podfile.lock",
				"${PODS_ROOT}/Manifest.lock",
			);
			name = "[CP] Check Pods Manifest.lock";
			outputFileListPaths = (
			);
			outputPaths = (
				"$(DERIVED_FILE_DIR)/Pods-Parsetagram-checkManifestLockResult.txt",
			);
			runOnlyForDeploymentPostprocessing = 0;
			shellPath = /bin/sh;
			shellScript = "diff \"${PODS_PODFILE_DIR_PATH}/Podfile.lock\" \"${PODS_ROOT}/Manifest.lock\" > /dev/null\nif [ $? != 0 ] ; then\n    # print error to STDERR\n    echo \"error: The sandbox is not in sync with the Podfile.lock. Run 'pod install' or update your CocoaPods installation.\" >&2\n    exit 1\nfi\n# This output is used by Xcode 'outputs' to avoid re-running this script phase.\necho \"SUCCESS\" > \"${SCRIPT_OUTPUT_FILE_0}\"\n";
			showEnvVarsInLog = 0;
		};
/* End PBXShellScriptBuildPhase section */

/* Begin PBXSourcesBuildPhase section */
		FAE1A44A242476E70080BA2E /* Sources */ = {
			isa = PBXSourcesBuildPhase;
			buildActionMask = 2147483647;
			files = (
				FAD5E27324248F4F00E34219 /* LoginViewController.swift in Sources */,
				FAD5E27724249AF000E34219 /* CameraViewController.swift in Sources */,
				FAE1A452242476E70080BA2E /* AppDelegate.swift in Sources */,
				FAD5E27524248F5A00E34219 /* FeedViewController.swift in Sources */,
				FAE1A454242476E70080BA2E /* SceneDelegate.swift in Sources */,
			);
			runOnlyForDeploymentPostprocessing = 0;
		};
		FAE1A460242476EA0080BA2E /* Sources */ = {
			isa = PBXSourcesBuildPhase;
			buildActionMask = 2147483647;
			files = (
				FAE1A469242476EA0080BA2E /* ParsetagramTests.swift in Sources */,
			);
			runOnlyForDeploymentPostprocessing = 0;
		};
		FAE1A46B242476EA0080BA2E /* Sources */ = {
			isa = PBXSourcesBuildPhase;
			buildActionMask = 2147483647;
			files = (
				FAE1A474242476EA0080BA2E /* ParsetagramUITests.swift in Sources */,
			);
			runOnlyForDeploymentPostprocessing = 0;
		};
/* End PBXSourcesBuildPhase section */

/* Begin PBXTargetDependency section */
		FAE1A466242476EA0080BA2E /* PBXTargetDependency */ = {
			isa = PBXTargetDependency;
			target = FAE1A44D242476E70080BA2E /* Parsetagram */;
			targetProxy = FAE1A465242476EA0080BA2E /* PBXContainerItemProxy */;
		};
		FAE1A471242476EA0080BA2E /* PBXTargetDependency */ = {
			isa = PBXTargetDependency;
			target = FAE1A44D242476E70080BA2E /* Parsetagram */;
			targetProxy = FAE1A470242476EA0080BA2E /* PBXContainerItemProxy */;
		};
/* End PBXTargetDependency section */

/* Begin PBXVariantGroup section */
		FAE1A457242476E70080BA2E /* Main.storyboard */ = {
			isa = PBXVariantGroup;
			children = (
				FAE1A458242476E70080BA2E /* Base */,
			);
			name = Main.storyboard;
			sourceTree = "<group>";
		};
		FAE1A45C242476EA0080BA2E /* LaunchScreen.storyboard */ = {
			isa = PBXVariantGroup;
			children = (
				FAE1A45D242476EA0080BA2E /* Base */,
			);
			name = LaunchScreen.storyboard;
			sourceTree = "<group>";
		};
/* End PBXVariantGroup section */

/* Begin XCBuildConfiguration section */
		FAE1A476242476EA0080BA2E /* Debug */ = {
			isa = XCBuildConfiguration;
			buildSettings = {
				ALWAYS_SEARCH_USER_PATHS = NO;
				CLANG_ANALYZER_NONNULL = YES;
				CLANG_ANALYZER_NUMBER_OBJECT_CONVERSION = YES_AGGRESSIVE;
				CLANG_CXX_LANGUAGE_STANDARD = "gnu++14";
				CLANG_CXX_LIBRARY = "libc++";
				CLANG_ENABLE_MODULES = YES;
				CLANG_ENABLE_OBJC_ARC = YES;
				CLANG_ENABLE_OBJC_WEAK = YES;
				CLANG_WARN_BLOCK_CAPTURE_AUTORELEASING = YES;
				CLANG_WARN_BOOL_CONVERSION = YES;
				CLANG_WARN_COMMA = YES;
				CLANG_WARN_CONSTANT_CONVERSION = YES;
				CLANG_WARN_DEPRECATED_OBJC_IMPLEMENTATIONS = YES;
				CLANG_WARN_DIRECT_OBJC_ISA_USAGE = YES_ERROR;
				CLANG_WARN_DOCUMENTATION_COMMENTS = YES;
				CLANG_WARN_EMPTY_BODY = YES;
				CLANG_WARN_ENUM_CONVERSION = YES;
				CLANG_WARN_INFINITE_RECURSION = YES;
				CLANG_WARN_INT_CONVERSION = YES;
				CLANG_WARN_NON_LITERAL_NULL_CONVERSION = YES;
				CLANG_WARN_OBJC_IMPLICIT_RETAIN_SELF = YES;
				CLANG_WARN_OBJC_LITERAL_CONVERSION = YES;
				CLANG_WARN_OBJC_ROOT_CLASS = YES_ERROR;
				CLANG_WARN_RANGE_LOOP_ANALYSIS = YES;
				CLANG_WARN_STRICT_PROTOTYPES = YES;
				CLANG_WARN_SUSPICIOUS_MOVE = YES;
				CLANG_WARN_UNGUARDED_AVAILABILITY = YES_AGGRESSIVE;
				CLANG_WARN_UNREACHABLE_CODE = YES;
				CLANG_WARN__DUPLICATE_METHOD_MATCH = YES;
				COPY_PHASE_STRIP = NO;
				DEBUG_INFORMATION_FORMAT = dwarf;
				ENABLE_STRICT_OBJC_MSGSEND = YES;
				ENABLE_TESTABILITY = YES;
				GCC_C_LANGUAGE_STANDARD = gnu11;
				GCC_DYNAMIC_NO_PIC = NO;
				GCC_NO_COMMON_BLOCKS = YES;
				GCC_OPTIMIZATION_LEVEL = 0;
				GCC_PREPROCESSOR_DEFINITIONS = (
					"DEBUG=1",
					"$(inherited)",
				);
				GCC_WARN_64_TO_32_BIT_CONVERSION = YES;
				GCC_WARN_ABOUT_RETURN_TYPE = YES_ERROR;
				GCC_WARN_UNDECLARED_SELECTOR = YES;
				GCC_WARN_UNINITIALIZED_AUTOS = YES_AGGRESSIVE;
				GCC_WARN_UNUSED_FUNCTION = YES;
				GCC_WARN_UNUSED_VARIABLE = YES;
				IPHONEOS_DEPLOYMENT_TARGET = 13.2;
				MTL_ENABLE_DEBUG_INFO = INCLUDE_SOURCE;
				MTL_FAST_MATH = YES;
				ONLY_ACTIVE_ARCH = YES;
				SDKROOT = iphoneos;
				SWIFT_ACTIVE_COMPILATION_CONDITIONS = DEBUG;
				SWIFT_OPTIMIZATION_LEVEL = "-Onone";
			};
			name = Debug;
		};
		FAE1A477242476EA0080BA2E /* Release */ = {
			isa = XCBuildConfiguration;
			buildSettings = {
				ALWAYS_SEARCH_USER_PATHS = NO;
				CLANG_ANALYZER_NONNULL = YES;
				CLANG_ANALYZER_NUMBER_OBJECT_CONVERSION = YES_AGGRESSIVE;
				CLANG_CXX_LANGUAGE_STANDARD = "gnu++14";
				CLANG_CXX_LIBRARY = "libc++";
				CLANG_ENABLE_MODULES = YES;
				CLANG_ENABLE_OBJC_ARC = YES;
				CLANG_ENABLE_OBJC_WEAK = YES;
				CLANG_WARN_BLOCK_CAPTURE_AUTORELEASING = YES;
				CLANG_WARN_BOOL_CONVERSION = YES;
				CLANG_WARN_COMMA = YES;
				CLANG_WARN_CONSTANT_CONVERSION = YES;
				CLANG_WARN_DEPRECATED_OBJC_IMPLEMENTATIONS = YES;
				CLANG_WARN_DIRECT_OBJC_ISA_USAGE = YES_ERROR;
				CLANG_WARN_DOCUMENTATION_COMMENTS = YES;
				CLANG_WARN_EMPTY_BODY = YES;
				CLANG_WARN_ENUM_CONVERSION = YES;
				CLANG_WARN_INFINITE_RECURSION = YES;
				CLANG_WARN_INT_CONVERSION = YES;
				CLANG_WARN_NON_LITERAL_NULL_CONVERSION = YES;
				CLANG_WARN_OBJC_IMPLICIT_RETAIN_SELF = YES;
				CLANG_WARN_OBJC_LITERAL_CONVERSION = YES;
				CLANG_WARN_OBJC_ROOT_CLASS = YES_ERROR;
				CLANG_WARN_RANGE_LOOP_ANALYSIS = YES;
				CLANG_WARN_STRICT_PROTOTYPES = YES;
				CLANG_WARN_SUSPICIOUS_MOVE = YES;
				CLANG_WARN_UNGUARDED_AVAILABILITY = YES_AGGRESSIVE;
				CLANG_WARN_UNREACHABLE_CODE = YES;
				CLANG_WARN__DUPLICATE_METHOD_MATCH = YES;
				COPY_PHASE_STRIP = NO;
				DEBUG_INFORMATION_FORMAT = "dwarf-with-dsym";
				ENABLE_NS_ASSERTIONS = NO;
				ENABLE_STRICT_OBJC_MSGSEND = YES;
				GCC_C_LANGUAGE_STANDARD = gnu11;
				GCC_NO_COMMON_BLOCKS = YES;
				GCC_WARN_64_TO_32_BIT_CONVERSION = YES;
				GCC_WARN_ABOUT_RETURN_TYPE = YES_ERROR;
				GCC_WARN_UNDECLARED_SELECTOR = YES;
				GCC_WARN_UNINITIALIZED_AUTOS = YES_AGGRESSIVE;
				GCC_WARN_UNUSED_FUNCTION = YES;
				GCC_WARN_UNUSED_VARIABLE = YES;
				IPHONEOS_DEPLOYMENT_TARGET = 13.2;
				MTL_ENABLE_DEBUG_INFO = NO;
				MTL_FAST_MATH = YES;
				SDKROOT = iphoneos;
				SWIFT_COMPILATION_MODE = wholemodule;
				SWIFT_OPTIMIZATION_LEVEL = "-O";
				VALIDATE_PRODUCT = YES;
			};
			name = Release;
		};
		FAE1A479242476EA0080BA2E /* Debug */ = {
			isa = XCBuildConfiguration;
			baseConfigurationReference = 74DF7E870040A6733D5212E0 /* Pods-Parsetagram.debug.xcconfig */;
			buildSettings = {
				ASSETCATALOG_COMPILER_APPICON_NAME = AppIcon;
				CODE_SIGN_STYLE = Automatic;
				DEVELOPMENT_TEAM = 8YJ5XVX3PL;
				INFOPLIST_FILE = Parsetagram/Info.plist;
				LD_RUNPATH_SEARCH_PATHS = (
					"$(inherited)",
					"@executable_path/Frameworks",
				);
				PRODUCT_BUNDLE_IDENTIFIER = com.NadaZeini.Parsetagram;
				PRODUCT_NAME = "$(TARGET_NAME)";
				SWIFT_VERSION = 5.0;
				TARGETED_DEVICE_FAMILY = "1,2";
			};
			name = Debug;
		};
		FAE1A47A242476EA0080BA2E /* Release */ = {
			isa = XCBuildConfiguration;
			baseConfigurationReference = FD9C3D168E1F90703AF7A6F9 /* Pods-Parsetagram.release.xcconfig */;
			buildSettings = {
				ASSETCATALOG_COMPILER_APPICON_NAME = AppIcon;
				CODE_SIGN_STYLE = Automatic;
				DEVELOPMENT_TEAM = 8YJ5XVX3PL;
				INFOPLIST_FILE = Parsetagram/Info.plist;
				LD_RUNPATH_SEARCH_PATHS = (
					"$(inherited)",
					"@executable_path/Frameworks",
				);
				PRODUCT_BUNDLE_IDENTIFIER = com.NadaZeini.Parsetagram;
				PRODUCT_NAME = "$(TARGET_NAME)";
				SWIFT_VERSION = 5.0;
				TARGETED_DEVICE_FAMILY = "1,2";
			};
			name = Release;
		};
		FAE1A47C242476EA0080BA2E /* Debug */ = {
			isa = XCBuildConfiguration;
			baseConfigurationReference = 640ECBF9BA5C603ADEFC524A /* Pods-ParsetagramTests.debug.xcconfig */;
			buildSettings = {
				ALWAYS_EMBED_SWIFT_STANDARD_LIBRARIES = YES;
				BUNDLE_LOADER = "$(TEST_HOST)";
				CODE_SIGN_STYLE = Automatic;
				DEVELOPMENT_TEAM = 8YJ5XVX3PL;
				INFOPLIST_FILE = ParsetagramTests/Info.plist;
				IPHONEOS_DEPLOYMENT_TARGET = 13.2;
				LD_RUNPATH_SEARCH_PATHS = (
					"$(inherited)",
					"@executable_path/Frameworks",
					"@loader_path/Frameworks",
				);
				PRODUCT_BUNDLE_IDENTIFIER = com.NadaZeini.ParsetagramTests;
				PRODUCT_NAME = "$(TARGET_NAME)";
				SWIFT_VERSION = 5.0;
				TARGETED_DEVICE_FAMILY = "1,2";
				TEST_HOST = "$(BUILT_PRODUCTS_DIR)/Parsetagram.app/Parsetagram";
			};
			name = Debug;
		};
		FAE1A47D242476EA0080BA2E /* Release */ = {
			isa = XCBuildConfiguration;
			baseConfigurationReference = DFED66562A95EFBBE2026F17 /* Pods-ParsetagramTests.release.xcconfig */;
			buildSettings = {
				ALWAYS_EMBED_SWIFT_STANDARD_LIBRARIES = YES;
				BUNDLE_LOADER = "$(TEST_HOST)";
				CODE_SIGN_STYLE = Automatic;
				DEVELOPMENT_TEAM = 8YJ5XVX3PL;
				INFOPLIST_FILE = ParsetagramTests/Info.plist;
				IPHONEOS_DEPLOYMENT_TARGET = 13.2;
				LD_RUNPATH_SEARCH_PATHS = (
					"$(inherited)",
					"@executable_path/Frameworks",
					"@loader_path/Frameworks",
				);
				PRODUCT_BUNDLE_IDENTIFIER = com.NadaZeini.ParsetagramTests;
				PRODUCT_NAME = "$(TARGET_NAME)";
				SWIFT_VERSION = 5.0;
				TARGETED_DEVICE_FAMILY = "1,2";
				TEST_HOST = "$(BUILT_PRODUCTS_DIR)/Parsetagram.app/Parsetagram";
			};
			name = Release;
		};
		FAE1A47F242476EA0080BA2E /* Debug */ = {
			isa = XCBuildConfiguration;
			baseConfigurationReference = 199D84A68ED98AFA0B023295 /* Pods-Parsetagram-ParsetagramUITests.debug.xcconfig */;
			buildSettings = {
				ALWAYS_EMBED_SWIFT_STANDARD_LIBRARIES = YES;
				CODE_SIGN_STYLE = Automatic;
				DEVELOPMENT_TEAM = 8YJ5XVX3PL;
				INFOPLIST_FILE = ParsetagramUITests/Info.plist;
				LD_RUNPATH_SEARCH_PATHS = (
					"$(inherited)",
					"@executable_path/Frameworks",
					"@loader_path/Frameworks",
				);
				PRODUCT_BUNDLE_IDENTIFIER = com.NadaZeini.ParsetagramUITests;
				PRODUCT_NAME = "$(TARGET_NAME)";
				SWIFT_VERSION = 5.0;
				TARGETED_DEVICE_FAMILY = "1,2";
				TEST_TARGET_NAME = Parsetagram;
			};
			name = Debug;
		};
		FAE1A480242476EA0080BA2E /* Release */ = {
			isa = XCBuildConfiguration;
			baseConfigurationReference = 268FCC43F70E2BB7BBDF4DAC /* Pods-Parsetagram-ParsetagramUITests.release.xcconfig */;
			buildSettings = {
				ALWAYS_EMBED_SWIFT_STANDARD_LIBRARIES = YES;
				CODE_SIGN_STYLE = Automatic;
				DEVELOPMENT_TEAM = 8YJ5XVX3PL;
				INFOPLIST_FILE = ParsetagramUITests/Info.plist;
				LD_RUNPATH_SEARCH_PATHS = (
					"$(inherited)",
					"@executable_path/Frameworks",
					"@loader_path/Frameworks",
				);
				PRODUCT_BUNDLE_IDENTIFIER = com.NadaZeini.ParsetagramUITests;
				PRODUCT_NAME = "$(TARGET_NAME)";
				SWIFT_VERSION = 5.0;
				TARGETED_DEVICE_FAMILY = "1,2";
				TEST_TARGET_NAME = Parsetagram;
			};
			name = Release;
		};
/* End XCBuildConfiguration section */

/* Begin XCConfigurationList section */
		FAE1A449242476E70080BA2E /* Build configuration list for PBXProject "Parsetagram" */ = {
			isa = XCConfigurationList;
			buildConfigurations = (
				FAE1A476242476EA0080BA2E /* Debug */,
				FAE1A477242476EA0080BA2E /* Release */,
			);
			defaultConfigurationIsVisible = 0;
			defaultConfigurationName = Release;
		};
		FAE1A478242476EA0080BA2E /* Build configuration list for PBXNativeTarget "Parsetagram" */ = {
			isa = XCConfigurationList;
			buildConfigurations = (
				FAE1A479242476EA0080BA2E /* Debug */,
				FAE1A47A242476EA0080BA2E /* Release */,
			);
			defaultConfigurationIsVisible = 0;
			defaultConfigurationName = Release;
		};
		FAE1A47B242476EA0080BA2E /* Build configuration list for PBXNativeTarget "ParsetagramTests" */ = {
			isa = XCConfigurationList;
			buildConfigurations = (
				FAE1A47C242476EA0080BA2E /* Debug */,
				FAE1A47D242476EA0080BA2E /* Release */,
			);
			defaultConfigurationIsVisible = 0;
			defaultConfigurationName = Release;
		};
		FAE1A47E242476EA0080BA2E /* Build configuration list for PBXNativeTarget "ParsetagramUITests" */ = {
			isa = XCConfigurationList;
			buildConfigurations = (
				FAE1A47F242476EA0080BA2E /* Debug */,
				FAE1A480242476EA0080BA2E /* Release */,
			);
			defaultConfigurationIsVisible = 0;
			defaultConfigurationName = Release;
		};
/* End XCConfigurationList section */
	};
	rootObject = FAE1A446242476E70080BA2E /* Project object */;
}
